
Microsoft Visual Studio Solution File, Format Version 12.00
# Visual Studio Version 17
VisualStudioVersion = 17.6.33829.357
MinimumVisualStudioVersion = 10.0.40219.1
Project("{FAE04EC0-301F-11D3-BF4B-00C04F79EFBC}") = "SinifYoklamasi", "SinifYoklamasi\SinifYoklamasi.csproj", "{E927DF01-6CA0-4AB7-8CD5-1501ACB01D40}"
EndProject
Global
	GlobalSection(SolutionConfigurationPlatforms) = preSolution
		Debug|Any CPU = Debug|Any CPU
		Release|Any CPU = Release|Any CPU
	EndGlobalSection
	GlobalSection(ProjectConfigurationPlatforms) = postSolution
		{E927DF01-6CA0-4AB7-8CD5-1501ACB01D40}.Debug|Any CPU.ActiveCfg = Debug|Any CPU
		{E927DF01-6CA0-4AB7-8CD5-1501ACB01D40}.Debug|Any CPU.Build.0 = Debug|Any CPU
		{E927DF01-6CA0-4AB7-8CD5-1501ACB01D40}.Release|Any CPU.ActiveCfg = Release|Any CPU
		{E927DF01-6CA0-4AB7-8CD5-1501ACB01D40}.Release|Any CPU.Build.0 = Release|Any CPU
	EndGlobalSection
	GlobalSection(SolutionProperties) = preSolution
		HideSolutionNode = FALSE
	EndGlobalSection
	GlobalSection(ExtensibilityGlobals) = postSolution
		SolutionGuid = {29B2AE43-AAEF-4097-A4BA-6C0FE61FF349}
	EndGlobalSection
EndGlobal
